
Microsoft Visual Studio Solution File, Format Version 12.00
# Visual Studio Version 17
VisualStudioVersion = 17.0.31912.275
MinimumVisualStudioVersion = 10.0.40219.1
Project("{E24C65DC-7377-472B-9ABA-BC803B73C61A}") = "Week5_OrsolaLiccardo", ".", "{D28B0A14-370A-4B20-96BB-E1E8FBBD8E0C}"
	ProjectSection(WebsiteProperties) = preProject
		TargetFrameworkMoniker = ".NETFramework,Version%3Dv4.0"
		Debug.AspNetCompiler.VirtualPath = "/localhost_56709"
		Debug.AspNetCompiler.PhysicalPath = "..\Week5_OrsolaLiccardo\"
		Debug.AspNetCompiler.TargetPath = "PrecompiledWeb\localhost_56709\"
		Debug.AspNetCompiler.Updateable = "true"
		Debug.AspNetCompiler.ForceOverwrite = "true"
		Debug.AspNetCompiler.FixedNames = "false"
		Debug.AspNetCompiler.Debug = "True"
		Release.AspNetCompiler.VirtualPath = "/localhost_56709"
		Release.AspNetCompiler.PhysicalPath = "..\Week5_OrsolaLiccardo\"
		Release.AspNetCompiler.TargetPath = "PrecompiledWeb\localhost_56709\"
		Release.AspNetCompiler.Updateable = "true"
		Release.AspNetCompiler.ForceOverwrite = "true"
		Release.AspNetCompiler.FixedNames = "false"
		Release.AspNetCompiler.Debug = "False"
		VWDPort = "56709"
		SlnRelativePath = "..\Week5_OrsolaLiccardo\"
	EndProjectSection
EndProject
Global
	GlobalSection(SolutionConfigurationPlatforms) = preSolution
		Debug|Any CPU = Debug|Any CPU
	EndGlobalSection
	GlobalSection(ProjectConfigurationPlatforms) = postSolution
		{D28B0A14-370A-4B20-96BB-E1E8FBBD8E0C}.Debug|Any CPU.ActiveCfg = Debug|Any CPU
		{D28B0A14-370A-4B20-96BB-E1E8FBBD8E0C}.Debug|Any CPU.Build.0 = Debug|Any CPU
	EndGlobalSection
	GlobalSection(SolutionProperties) = preSolution
		HideSolutionNode = FALSE
	EndGlobalSection
	GlobalSection(ExtensibilityGlobals) = postSolution
		SolutionGuid = {76AE0B87-C9A1-4488-AB6F-1F4865767FD1}
	EndGlobalSection
EndGlobal
